
Microsoft Visual Studio Solution File, Format Version 12.00
# Visual Studio 15
VisualStudioVersion = 15.0.26730.12
MinimumVisualStudioVersion = 10.0.40219.1
Project("{F2A71F9B-5D33-465A-A702-920D77279786}") = "factorial", "factorial\factorial.fsproj", "{723FD4F4-565B-461F-BC78-7B3C2D77C6EF}"
EndProject
Global
	GlobalSection(SolutionConfigurationPlatforms) = preSolution
		Debug|Any CPU = Debug|Any CPU
		Release|Any CPU = Release|Any CPU
	EndGlobalSection
	GlobalSection(ProjectConfigurationPlatforms) = postSolution
		{723FD4F4-565B-461F-BC78-7B3C2D77C6EF}.Debug|Any CPU.ActiveCfg = Debug|Any CPU
		{723FD4F4-565B-461F-BC78-7B3C2D77C6EF}.Debug|Any CPU.Build.0 = Debug|Any CPU
		{723FD4F4-565B-461F-BC78-7B3C2D77C6EF}.Release|Any CPU.ActiveCfg = Release|Any CPU
		{723FD4F4-565B-461F-BC78-7B3C2D77C6EF}.Release|Any CPU.Build.0 = Release|Any CPU
	EndGlobalSection
	GlobalSection(SolutionProperties) = preSolution
		HideSolutionNode = FALSE
	EndGlobalSection
	GlobalSection(ExtensibilityGlobals) = postSolution
		SolutionGuid = {3D6D464F-F086-4930-BA6B-3744BB0EC370}
	EndGlobalSection
EndGlobal
