
Microsoft Visual Studio Solution File, Format Version 12.00
# Visual Studio 15
VisualStudioVersion = 15.0.26730.16
MinimumVisualStudioVersion = 10.0.40219.1
Project("{F2A71F9B-5D33-465A-A702-920D77279786}") = "collatzrecursion", "collatzrecursion\collatzrecursion.fsproj", "{DDB692A5-A898-470D-AE99-F8C85D79CE3A}"
EndProject
Global
	GlobalSection(SolutionConfigurationPlatforms) = preSolution
		Debug|Any CPU = Debug|Any CPU
		Release|Any CPU = Release|Any CPU
	EndGlobalSection
	GlobalSection(ProjectConfigurationPlatforms) = postSolution
		{DDB692A5-A898-470D-AE99-F8C85D79CE3A}.Debug|Any CPU.ActiveCfg = Debug|Any CPU
		{DDB692A5-A898-470D-AE99-F8C85D79CE3A}.Debug|Any CPU.Build.0 = Debug|Any CPU
		{DDB692A5-A898-470D-AE99-F8C85D79CE3A}.Release|Any CPU.ActiveCfg = Release|Any CPU
		{DDB692A5-A898-470D-AE99-F8C85D79CE3A}.Release|Any CPU.Build.0 = Release|Any CPU
	EndGlobalSection
	GlobalSection(SolutionProperties) = preSolution
		HideSolutionNode = FALSE
	EndGlobalSection
	GlobalSection(ExtensibilityGlobals) = postSolution
		SolutionGuid = {9D34A329-AA25-45FA-B931-1E3FCAE8385C}
	EndGlobalSection
EndGlobal
